// !$*UTF8*$!
{
	archiveVersion = 1;
	classes = {
	};
	objectVersion = 56;
	objects = {

/* Begin PBXBuildFile section */
		CD14534C2CFDF4B10002D020 /* Router.swift in Sources */ = {isa = PBXBuildFile; fileRef = CD14534B2CFDF4B10002D020 /* Router.swift */; };
		CD15F5202D08AF2E006C4DD8 /* NavigationViewBuilder.swift in Sources */ = {isa = PBXBuildFile; fileRef = CD15F51F2D08AF2E006C4DD8 /* NavigationViewBuilder.swift */; };
		CD34D8F52CF4E403008DD1BA /* QuestAppApp.swift in Sources */ = {isa = PBXBuildFile; fileRef = CD34D8F42CF4E403008DD1BA /* QuestAppApp.swift */; };
		CD34D8F92CF4E403008DD1BA /* Item.swift in Sources */ = {isa = PBXBuildFile; fileRef = CD34D8F82CF4E403008DD1BA /* Item.swift */; };
		CD34D8FB2CF4E404008DD1BA /* Assets.xcassets in Resources */ = {isa = PBXBuildFile; fileRef = CD34D8FA2CF4E404008DD1BA /* Assets.xcassets */; };
		CD34D8FE2CF4E404008DD1BA /* Preview Assets.xcassets in Resources */ = {isa = PBXBuildFile; fileRef = CD34D8FD2CF4E404008DD1BA /* Preview Assets.xcassets */; };
		CD34D9082CF4E404008DD1BA /* QuestAppTests.swift in Sources */ = {isa = PBXBuildFile; fileRef = CD34D9072CF4E404008DD1BA /* QuestAppTests.swift */; };
		CD34D9122CF4E404008DD1BA /* QuestAppUITests.swift in Sources */ = {isa = PBXBuildFile; fileRef = CD34D9112CF4E404008DD1BA /* QuestAppUITests.swift */; };
		CD34D9142CF4E404008DD1BA /* QuestAppUITestsLaunchTests.swift in Sources */ = {isa = PBXBuildFile; fileRef = CD34D9132CF4E404008DD1BA /* QuestAppUITestsLaunchTests.swift */; };
		CD34D92C2CF4F094008DD1BA /* FeedView.swift in Sources */ = {isa = PBXBuildFile; fileRef = CD34D92B2CF4F094008DD1BA /* FeedView.swift */; };
		CD34D9302CF4F818008DD1BA /* PostCard.swift in Sources */ = {isa = PBXBuildFile; fileRef = CD34D92F2CF4F818008DD1BA /* PostCard.swift */; };
		CD34D9332CF4F8DE008DD1BA /* PostModel.swift in Sources */ = {isa = PBXBuildFile; fileRef = CD34D9322CF4F8DE008DD1BA /* PostModel.swift */; };
		CD42B5FB2D0B4C5500EE107B /* LoginViewModel.swift in Sources */ = {isa = PBXBuildFile; fileRef = CD42B5FA2D0B4C5500EE107B /* LoginViewModel.swift */; };
		CD5349012D17336F00C72F7B /* LocaleStorage.swift in Sources */ = {isa = PBXBuildFile; fileRef = CD5349002D17336F00C72F7B /* LocaleStorage.swift */; };
		CD5349052D173CFD00C72F7B /* AuthManager.swift in Sources */ = {isa = PBXBuildFile; fileRef = CD5349042D173CFD00C72F7B /* AuthManager.swift */; };
		CD5349082D17414B00C72F7B /* SplashView.swift in Sources */ = {isa = PBXBuildFile; fileRef = CD5349072D17414B00C72F7B /* SplashView.swift */; };
		CD5DE62B2CFB901A000050A0 /* AppConstants.swift in Sources */ = {isa = PBXBuildFile; fileRef = CD5DE62A2CFB901A000050A0 /* AppConstants.swift */; };
		CD6BB7082CFB54540072FB7D /* UpdatePostModel.swift in Sources */ = {isa = PBXBuildFile; fileRef = CD6BB7072CFB54540072FB7D /* UpdatePostModel.swift */; };
		CD6C6F522CF8D182003A9CA1 /* NetworkManager.swift in Sources */ = {isa = PBXBuildFile; fileRef = CD6C6F512CF8D182003A9CA1 /* NetworkManager.swift */; };
		CD6C6F542CF8D1A5003A9CA1 /* Route.swift in Sources */ = {isa = PBXBuildFile; fileRef = CD6C6F532CF8D1A5003A9CA1 /* Route.swift */; };
		CD6C6F582CF8D1DA003A9CA1 /* String-Extensions.swift in Sources */ = {isa = PBXBuildFile; fileRef = CD6C6F572CF8D1DA003A9CA1 /* String-Extensions.swift */; };
		CD6C6F5B2CF8D334003A9CA1 /* Alamofire in Frameworks */ = {isa = PBXBuildFile; productRef = CD6C6F5A2CF8D334003A9CA1 /* Alamofire */; };
		CD6C6F5E2CF8EA98003A9CA1 /* FeedViewModel.swift in Sources */ = {isa = PBXBuildFile; fileRef = CD6C6F5D2CF8EA98003A9CA1 /* FeedViewModel.swift */; };
		CD6C6F642CF8EE41003A9CA1 /* CreatePostModel.swift in Sources */ = {isa = PBXBuildFile; fileRef = CD6C6F632CF8EE41003A9CA1 /* CreatePostModel.swift */; };
		CD8E9AA62D25E2B5003B0F47 /* MainTabView.swift in Sources */ = {isa = PBXBuildFile; fileRef = CD8E9AA42D25E2B5003B0F47 /* MainTabView.swift */; };
		CD8E9AA92D25E2C3003B0F47 /* ProfileView.swift in Sources */ = {isa = PBXBuildFile; fileRef = CD8E9AA72D25E2C3003B0F47 /* ProfileView.swift */; };
		CDCE705F2D26E61700F75DB3 /* ICommentService.swift in Sources */ = {isa = PBXBuildFile; fileRef = CDCE70572D26E61700F75DB3 /* ICommentService.swift */; };
		CDCE70602D26E61700F75DB3 /* ILikeService.swift in Sources */ = {isa = PBXBuildFile; fileRef = CDCE70582D26E61700F75DB3 /* ILikeService.swift */; };
		CDCE70612D26E61700F75DB3 /* IPostService.swift in Sources */ = {isa = PBXBuildFile; fileRef = CDCE70592D26E61700F75DB3 /* IPostService.swift */; };
		CDCE70622D26E61700F75DB3 /* CommentService.swift in Sources */ = {isa = PBXBuildFile; fileRef = CDCE705B2D26E61700F75DB3 /* CommentService.swift */; };
		CDCE70632D26E61700F75DB3 /* LikeService.swift in Sources */ = {isa = PBXBuildFile; fileRef = CDCE705C2D26E61700F75DB3 /* LikeService.swift */; };
		CDCE70642D26E61700F75DB3 /* PostService.swift in Sources */ = {isa = PBXBuildFile; fileRef = CDCE705D2D26E61700F75DB3 /* PostService.swift */; };
		CDCE70662D26E63F00F75DB3 /* CommentModel.swift in Sources */ = {isa = PBXBuildFile; fileRef = CDCE70652D26E63F00F75DB3 /* CommentModel.swift */; };
		CDCE70682D26E78400F75DB3 /* LikeModel.swift in Sources */ = {isa = PBXBuildFile; fileRef = CDCE70672D26E78400F75DB3 /* LikeModel.swift */; };
		CDCE706A2D26E8EA00F75DB3 /* AuthService.swift in Sources */ = {isa = PBXBuildFile; fileRef = CDCE70692D26E8EA00F75DB3 /* AuthService.swift */; };
		CDCE706F2D26ED5300F75DB3 /* PostDetailView.swift in Sources */ = {isa = PBXBuildFile; fileRef = CDCE706B2D26ED5300F75DB3 /* PostDetailView.swift */; };
		CDCE70702D26ED5300F75DB3 /* PostDetailViewModel.swift in Sources */ = {isa = PBXBuildFile; fileRef = CDCE706D2D26ED5300F75DB3 /* PostDetailViewModel.swift */; };
		CDCE70772D26F84900F75DB3 /* RegisterViewModel.swift in Sources */ = {isa = PBXBuildFile; fileRef = CDCE70732D26F84900F75DB3 /* RegisterViewModel.swift */; };
		CDCE70782D26F84900F75DB3 /* RegisterView.swift in Sources */ = {isa = PBXBuildFile; fileRef = CDCE70752D26F84900F75DB3 /* RegisterView.swift */; };
		CDCE707A2D26FD6400F75DB3 /* NetworkError.swift in Sources */ = {isa = PBXBuildFile; fileRef = CDCE70792D26FD6400F75DB3 /* NetworkError.swift */; };
		CDD9D71C2D285B08007806DD /* PostCreateViewModel.swift in Sources */ = {isa = PBXBuildFile; fileRef = CDD9D71A2D285B08007806DD /* PostCreateViewModel.swift */; };
		CDD9D71E2D285B37007806DD /* PostCreateView.swift in Sources */ = {isa = PBXBuildFile; fileRef = CDD9D71D2D285B37007806DD /* PostCreateView.swift */; };
		CDD9D7202D285B5B007806DD /* ImagePicker.swift in Sources */ = {isa = PBXBuildFile; fileRef = CDD9D71F2D285B5B007806DD /* ImagePicker.swift */; };
		CDD9D7222D285B99007806DD /* FileService.swift in Sources */ = {isa = PBXBuildFile; fileRef = CDD9D7212D285B99007806DD /* FileService.swift */; };
		CDD9D7242D285D47007806DD /* EmptyResponse.swift in Sources */ = {isa = PBXBuildFile; fileRef = CDD9D7232D285D47007806DD /* EmptyResponse.swift */; };
		CDD9D72D2D286D92007806DD /* LoginView.swift in Sources */ = {isa = PBXBuildFile; fileRef = CDD9D72C2D286D92007806DD /* LoginView.swift */; };
/* End PBXBuildFile section */

/* Begin PBXContainerItemProxy section */
		CD34D9042CF4E404008DD1BA /* PBXContainerItemProxy */ = {
			isa = PBXContainerItemProxy;
			containerPortal = CD34D8E92CF4E403008DD1BA /* Project object */;
			proxyType = 1;
			remoteGlobalIDString = CD34D8F02CF4E403008DD1BA;
			remoteInfo = QuestApp;
		};
		CD34D90E2CF4E404008DD1BA /* PBXContainerItemProxy */ = {
			isa = PBXContainerItemProxy;
			containerPortal = CD34D8E92CF4E403008DD1BA /* Project object */;
			proxyType = 1;
			remoteGlobalIDString = CD34D8F02CF4E403008DD1BA;
			remoteInfo = QuestApp;
		};
/* End PBXContainerItemProxy section */

/* Begin PBXFileReference section */
		CD14534B2CFDF4B10002D020 /* Router.swift */ = {isa = PBXFileReference; lastKnownFileType = sourcecode.swift; path = Router.swift; sourceTree = "<group>"; };
		CD15F51F2D08AF2E006C4DD8 /* NavigationViewBuilder.swift */ = {isa = PBXFileReference; lastKnownFileType = sourcecode.swift; path = NavigationViewBuilder.swift; sourceTree = "<group>"; };
		CD34D8F12CF4E403008DD1BA /* QuestApp.app */ = {isa = PBXFileReference; explicitFileType = wrapper.application; includeInIndex = 0; path = QuestApp.app; sourceTree = BUILT_PRODUCTS_DIR; };
		CD34D8F42CF4E403008DD1BA /* QuestAppApp.swift */ = {isa = PBXFileReference; lastKnownFileType = sourcecode.swift; path = QuestAppApp.swift; sourceTree = "<group>"; };
		CD34D8F82CF4E403008DD1BA /* Item.swift */ = {isa = PBXFileReference; lastKnownFileType = sourcecode.swift; path = Item.swift; sourceTree = "<group>"; };
		CD34D8FA2CF4E404008DD1BA /* Assets.xcassets */ = {isa = PBXFileReference; lastKnownFileType = folder.assetcatalog; path = Assets.xcassets; sourceTree = "<group>"; };
		CD34D8FD2CF4E404008DD1BA /* Preview Assets.xcassets */ = {isa = PBXFileReference; lastKnownFileType = folder.assetcatalog; path = "Preview Assets.xcassets"; sourceTree = "<group>"; };
		CD34D9032CF4E404008DD1BA /* QuestAppTests.xctest */ = {isa = PBXFileReference; explicitFileType = wrapper.cfbundle; includeInIndex = 0; path = QuestAppTests.xctest; sourceTree = BUILT_PRODUCTS_DIR; };
		CD34D9072CF4E404008DD1BA /* QuestAppTests.swift */ = {isa = PBXFileReference; lastKnownFileType = sourcecode.swift; path = QuestAppTests.swift; sourceTree = "<group>"; };
		CD34D90D2CF4E404008DD1BA /* QuestAppUITests.xctest */ = {isa = PBXFileReference; explicitFileType = wrapper.cfbundle; includeInIndex = 0; path = QuestAppUITests.xctest; sourceTree = BUILT_PRODUCTS_DIR; };
		CD34D9112CF4E404008DD1BA /* QuestAppUITests.swift */ = {isa = PBXFileReference; lastKnownFileType = sourcecode.swift; path = QuestAppUITests.swift; sourceTree = "<group>"; };
		CD34D9132CF4E404008DD1BA /* QuestAppUITestsLaunchTests.swift */ = {isa = PBXFileReference; lastKnownFileType = sourcecode.swift; path = QuestAppUITestsLaunchTests.swift; sourceTree = "<group>"; };
		CD34D92B2CF4F094008DD1BA /* FeedView.swift */ = {isa = PBXFileReference; lastKnownFileType = sourcecode.swift; path = FeedView.swift; sourceTree = "<group>"; };
		CD34D92F2CF4F818008DD1BA /* PostCard.swift */ = {isa = PBXFileReference; lastKnownFileType = sourcecode.swift; path = PostCard.swift; sourceTree = "<group>"; };
		CD34D9322CF4F8DE008DD1BA /* PostModel.swift */ = {isa = PBXFileReference; lastKnownFileType = sourcecode.swift; path = PostModel.swift; sourceTree = "<group>"; };
		CD42B5FA2D0B4C5500EE107B /* LoginViewModel.swift */ = {isa = PBXFileReference; lastKnownFileType = sourcecode.swift; path = LoginViewModel.swift; sourceTree = "<group>"; };
		CD5349002D17336F00C72F7B /* LocaleStorage.swift */ = {isa = PBXFileReference; lastKnownFileType = sourcecode.swift; path = LocaleStorage.swift; sourceTree = "<group>"; };
		CD5349042D173CFD00C72F7B /* AuthManager.swift */ = {isa = PBXFileReference; lastKnownFileType = sourcecode.swift; path = AuthManager.swift; sourceTree = "<group>"; };
		CD5349072D17414B00C72F7B /* SplashView.swift */ = {isa = PBXFileReference; lastKnownFileType = sourcecode.swift; path = SplashView.swift; sourceTree = "<group>"; };
		CD5DE62A2CFB901A000050A0 /* AppConstants.swift */ = {isa = PBXFileReference; lastKnownFileType = sourcecode.swift; path = AppConstants.swift; sourceTree = "<group>"; };
		CD6BB7072CFB54540072FB7D /* UpdatePostModel.swift */ = {isa = PBXFileReference; lastKnownFileType = sourcecode.swift; path = UpdatePostModel.swift; sourceTree = "<group>"; };
		CD6C6F512CF8D182003A9CA1 /* NetworkManager.swift */ = {isa = PBXFileReference; lastKnownFileType = sourcecode.swift; path = NetworkManager.swift; sourceTree = "<group>"; };
		CD6C6F532CF8D1A5003A9CA1 /* Route.swift */ = {isa = PBXFileReference; fileEncoding = 4; lastKnownFileType = sourcecode.swift; path = Route.swift; sourceTree = "<group>"; };
		CD6C6F572CF8D1DA003A9CA1 /* String-Extensions.swift */ = {isa = PBXFileReference; fileEncoding = 4; lastKnownFileType = sourcecode.swift; path = "String-Extensions.swift"; sourceTree = "<group>"; };
		CD6C6F5D2CF8EA98003A9CA1 /* FeedViewModel.swift */ = {isa = PBXFileReference; lastKnownFileType = sourcecode.swift; path = FeedViewModel.swift; sourceTree = "<group>"; };
		CD6C6F632CF8EE41003A9CA1 /* CreatePostModel.swift */ = {isa = PBXFileReference; lastKnownFileType = sourcecode.swift; path = CreatePostModel.swift; sourceTree = "<group>"; };
		CD8E9AA42D25E2B5003B0F47 /* MainTabView.swift */ = {isa = PBXFileReference; fileEncoding = 4; lastKnownFileType = sourcecode.swift; path = MainTabView.swift; sourceTree = "<group>"; };
		CD8E9AA72D25E2C3003B0F47 /* ProfileView.swift */ = {isa = PBXFileReference; fileEncoding = 4; lastKnownFileType = sourcecode.swift; path = ProfileView.swift; sourceTree = "<group>"; };
		CDCE70572D26E61700F75DB3 /* ICommentService.swift */ = {isa = PBXFileReference; fileEncoding = 4; lastKnownFileType = sourcecode.swift; path = ICommentService.swift; sourceTree = "<group>"; };
		CDCE70582D26E61700F75DB3 /* ILikeService.swift */ = {isa = PBXFileReference; fileEncoding = 4; lastKnownFileType = sourcecode.swift; path = ILikeService.swift; sourceTree = "<group>"; };
		CDCE70592D26E61700F75DB3 /* IPostService.swift */ = {isa = PBXFileReference; fileEncoding = 4; lastKnownFileType = sourcecode.swift; path = IPostService.swift; sourceTree = "<group>"; };
		CDCE705B2D26E61700F75DB3 /* CommentService.swift */ = {isa = PBXFileReference; fileEncoding = 4; lastKnownFileType = sourcecode.swift; path = CommentService.swift; sourceTree = "<group>"; };
		CDCE705C2D26E61700F75DB3 /* LikeService.swift */ = {isa = PBXFileReference; fileEncoding = 4; lastKnownFileType = sourcecode.swift; path = LikeService.swift; sourceTree = "<group>"; };
		CDCE705D2D26E61700F75DB3 /* PostService.swift */ = {isa = PBXFileReference; fileEncoding = 4; lastKnownFileType = sourcecode.swift; path = PostService.swift; sourceTree = "<group>"; };
		CDCE70652D26E63F00F75DB3 /* CommentModel.swift */ = {isa = PBXFileReference; fileEncoding = 4; lastKnownFileType = sourcecode.swift; path = CommentModel.swift; sourceTree = "<group>"; };
		CDCE70672D26E78400F75DB3 /* LikeModel.swift */ = {isa = PBXFileReference; fileEncoding = 4; lastKnownFileType = sourcecode.swift; path = LikeModel.swift; sourceTree = "<group>"; };
		CDCE70692D26E8EA00F75DB3 /* AuthService.swift */ = {isa = PBXFileReference; fileEncoding = 4; lastKnownFileType = sourcecode.swift; path = AuthService.swift; sourceTree = "<group>"; };
		CDCE706B2D26ED5300F75DB3 /* PostDetailView.swift */ = {isa = PBXFileReference; fileEncoding = 4; lastKnownFileType = sourcecode.swift; path = PostDetailView.swift; sourceTree = "<group>"; };
		CDCE706D2D26ED5300F75DB3 /* PostDetailViewModel.swift */ = {isa = PBXFileReference; fileEncoding = 4; lastKnownFileType = sourcecode.swift; path = PostDetailViewModel.swift; sourceTree = "<group>"; };
		CDCE70732D26F84900F75DB3 /* RegisterViewModel.swift */ = {isa = PBXFileReference; fileEncoding = 4; lastKnownFileType = sourcecode.swift; path = RegisterViewModel.swift; sourceTree = "<group>"; };
		CDCE70752D26F84900F75DB3 /* RegisterView.swift */ = {isa = PBXFileReference; fileEncoding = 4; lastKnownFileType = sourcecode.swift; path = RegisterView.swift; sourceTree = "<group>"; };
		CDCE70792D26FD6400F75DB3 /* NetworkError.swift */ = {isa = PBXFileReference; lastKnownFileType = sourcecode.swift; path = NetworkError.swift; sourceTree = "<group>"; };
		CDD9D71A2D285B08007806DD /* PostCreateViewModel.swift */ = {isa = PBXFileReference; fileEncoding = 4; lastKnownFileType = sourcecode.swift; path = PostCreateViewModel.swift; sourceTree = "<group>"; };
		CDD9D71D2D285B37007806DD /* PostCreateView.swift */ = {isa = PBXFileReference; fileEncoding = 4; lastKnownFileType = sourcecode.swift; path = PostCreateView.swift; sourceTree = "<group>"; };
		CDD9D71F2D285B5B007806DD /* ImagePicker.swift */ = {isa = PBXFileReference; fileEncoding = 4; lastKnownFileType = sourcecode.swift; name = ImagePicker.swift; path = QuestApp/Core/Components/ImagePicker.swift; sourceTree = SOURCE_ROOT; };
		CDD9D7212D285B99007806DD /* FileService.swift */ = {isa = PBXFileReference; fileEncoding = 4; lastKnownFileType = sourcecode.swift; path = FileService.swift; sourceTree = "<group>"; };
		CDD9D7232D285D47007806DD /* EmptyResponse.swift */ = {isa = PBXFileReference; fileEncoding = 4; lastKnownFileType = sourcecode.swift; name = EmptyResponse.swift; path = QuestApp/Core/Network/Models/EmptyResponse.swift; sourceTree = SOURCE_ROOT; };
		CDD9D72C2D286D92007806DD /* LoginView.swift */ = {isa = PBXFileReference; fileEncoding = 4; lastKnownFileType = sourcecode.swift; name = LoginView.swift; path = QuestApp/Features/Login/LoginView.swift; sourceTree = SOURCE_ROOT; };
/* End PBXFileReference section */

/* Begin PBXFrameworksBuildPhase section */
		CD34D8EE2CF4E403008DD1BA /* Frameworks */ = {
			isa = PBXFrameworksBuildPhase;
			buildActionMask = 2147483647;
			files = (
				CD6C6F5B2CF8D334003A9CA1 /* Alamofire in Frameworks */,
			);
			runOnlyForDeploymentPostprocessing = 0;
		};
		CD34D9002CF4E404008DD1BA /* Frameworks */ = {
			isa = PBXFrameworksBuildPhase;
			buildActionMask = 2147483647;
			files = (
			);
			runOnlyForDeploymentPostprocessing = 0;
		};
		CD34D90A2CF4E404008DD1BA /* Frameworks */ = {
			isa = PBXFrameworksBuildPhase;
			buildActionMask = 2147483647;
			files = (
			);
			runOnlyForDeploymentPostprocessing = 0;
		};
/* End PBXFrameworksBuildPhase section */

/* Begin PBXGroup section */
		CD14534A2CFDF4A70002D020 /* Route */ = {
			isa = PBXGroup;
			children = (
				CD14534B2CFDF4B10002D020 /* Router.swift */,
				CD15F51F2D08AF2E006C4DD8 /* NavigationViewBuilder.swift */,
			);
			path = Route;
			sourceTree = "<group>";
		};
		CD34D8E82CF4E403008DD1BA = {
			isa = PBXGroup;
			children = (
				CD34D8F32CF4E403008DD1BA /* QuestApp */,
				CD34D9062CF4E404008DD1BA /* QuestAppTests */,
				CD34D9102CF4E404008DD1BA /* QuestAppUITests */,
				CD34D8F22CF4E403008DD1BA /* Products */,
			);
			sourceTree = "<group>";
		};
		CD34D8F22CF4E403008DD1BA /* Products */ = {
			isa = PBXGroup;
			children = (
				CD34D8F12CF4E403008DD1BA /* QuestApp.app */,
				CD34D9032CF4E404008DD1BA /* QuestAppTests.xctest */,
				CD34D90D2CF4E404008DD1BA /* QuestAppUITests.xctest */,
			);
			name = Products;
			sourceTree = "<group>";
		};
		CD34D8F32CF4E403008DD1BA /* QuestApp */ = {
			isa = PBXGroup;
			children = (
				CD6C6F5F2CF8ED92003A9CA1 /* Product */,
				CD34D92D2CF4F7BF008DD1BA /* Core */,
				CD34D9202CF4E96E008DD1BA /* Features */,
				CD34D8F42CF4E403008DD1BA /* QuestAppApp.swift */,
				CD6C6F552CF8D1C7003A9CA1 /* Utils */,
				CD34D8F82CF4E403008DD1BA /* Item.swift */,
				CD34D8FA2CF4E404008DD1BA /* Assets.xcassets */,
				CD34D8FC2CF4E404008DD1BA /* Preview Content */,
			);
			path = QuestApp;
			sourceTree = "<group>";
		};
		CD34D8FC2CF4E404008DD1BA /* Preview Content */ = {
			isa = PBXGroup;
			children = (
				CD34D8FD2CF4E404008DD1BA /* Preview Assets.xcassets */,
			);
			path = "Preview Content";
			sourceTree = "<group>";
		};
		CD34D9062CF4E404008DD1BA /* QuestAppTests */ = {
			isa = PBXGroup;
			children = (
				CD34D9072CF4E404008DD1BA /* QuestAppTests.swift */,
			);
			path = QuestAppTests;
			sourceTree = "<group>";
		};
		CD34D9102CF4E404008DD1BA /* QuestAppUITests */ = {
			isa = PBXGroup;
			children = (
				CD34D9112CF4E404008DD1BA /* QuestAppUITests.swift */,
				CD34D9132CF4E404008DD1BA /* QuestAppUITestsLaunchTests.swift */,
			);
			path = QuestAppUITests;
			sourceTree = "<group>";
		};
		CD34D9202CF4E96E008DD1BA /* Features */ = {
			isa = PBXGroup;
			children = (
				CD8E9AA82D25E2C3003B0F47 /* Profile */,
				CD8E9AA52D25E2B5003B0F47 /* Main */,
				CD5349062D17413A00C72F7B /* Splash */,
				CDBBE42E2CF74DEC00CEC9E5 /* PostCreate */,
				CDFC23BD2CF63718004418D9 /* PostDetail */,
				CD34D92A2CF4F088008DD1BA /* Feed */,
				CD34D9272CF4F030008DD1BA /* Register */,
				CD34D9212CF4E977008DD1BA /* Login */,
			);
			path = Features;
			sourceTree = "<group>";
		};
		CD34D9212CF4E977008DD1BA /* Login */ = {
			isa = PBXGroup;
			children = (
				CDD9D72B2D286D75007806DD /* View */,
				CD42B5F92D0B4C4400EE107B /* ViewModel */,
			);
			path = Login;
			sourceTree = "<group>";
		};
		CD34D9272CF4F030008DD1BA /* Register */ = {
			isa = PBXGroup;
			children = (
				CDCE70762D26F84900F75DB3 /* View */,
				CDCE70742D26F84900F75DB3 /* ViewModel */,
			);
			path = Register;
			sourceTree = "<group>";
		};
		CD34D92A2CF4F088008DD1BA /* Feed */ = {
			isa = PBXGroup;
			children = (
				CDD9D7272D286C46007806DD /* View */,
				CD6C6F5C2CF8EA86003A9CA1 /* ViewModel */,
			);
			path = Feed;
			sourceTree = "<group>";
		};
		CD34D92D2CF4F7BF008DD1BA /* Core */ = {
			isa = PBXGroup;
			children = (
				CDCE705E2D26E61700F75DB3 /* Services */,
				CD5349022D173CE700C72F7B /* New Group */,
				CD5348FF2D17335900C72F7B /* LocaleStorage */,
				CD14534A2CFDF4A70002D020 /* Route */,
				CD5DE6292CFB9005000050A0 /* Constants */,
				CD6C6F502CF8D175003A9CA1 /* Network */,
				CD34D9312CF4F8D1008DD1BA /* Models */,
			);
			path = Core;
			sourceTree = "<group>";
		};
		CD34D92E2CF4F7CD008DD1BA /* CustomViews */ = {
			isa = PBXGroup;
			children = (
				CDD9D71F2D285B5B007806DD /* ImagePicker.swift */,
				CD34D92F2CF4F818008DD1BA /* PostCard.swift */,
			);
			path = CustomViews;
			sourceTree = "<group>";
		};
		CD34D9312CF4F8D1008DD1BA /* Models */ = {
			isa = PBXGroup;
			children = (
				CD34D9322CF4F8DE008DD1BA /* PostModel.swift */,
				CDCE70652D26E63F00F75DB3 /* CommentModel.swift */,
				CDD9D7232D285D47007806DD /* EmptyResponse.swift */,
				CDCE70672D26E78400F75DB3 /* LikeModel.swift */,
				CD6C6F632CF8EE41003A9CA1 /* CreatePostModel.swift */,
				CD6BB7072CFB54540072FB7D /* UpdatePostModel.swift */,
			);
			path = Models;
			sourceTree = "<group>";
		};
		CD42B5F92D0B4C4400EE107B /* ViewModel */ = {
			isa = PBXGroup;
			children = (
				CD42B5FA2D0B4C5500EE107B /* LoginViewModel.swift */,
			);
			path = ViewModel;
			sourceTree = "<group>";
		};
		CD5348FF2D17335900C72F7B /* LocaleStorage */ = {
			isa = PBXGroup;
			children = (
				CD5349002D17336F00C72F7B /* LocaleStorage.swift */,
			);
			path = LocaleStorage;
			sourceTree = "<group>";
		};
		CD5349022D173CE700C72F7B /* New Group */ = {
			isa = PBXGroup;
			children = (
			);
			path = "New Group";
			sourceTree = "<group>";
		};
		CD5349032D173CEA00C72F7B /* AuthManager */ = {
			isa = PBXGroup;
			children = (
				CD5349042D173CFD00C72F7B /* AuthManager.swift */,
			);
			path = AuthManager;
			sourceTree = "<group>";
		};
		CD5349062D17413A00C72F7B /* Splash */ = {
			isa = PBXGroup;
			children = (
				CD5349072D17414B00C72F7B /* SplashView.swift */,
			);
			path = Splash;
			sourceTree = "<group>";
		};
		CD5DE6292CFB9005000050A0 /* Constants */ = {
			isa = PBXGroup;
			children = (
				CD5DE62A2CFB901A000050A0 /* AppConstants.swift */,
			);
			path = Constants;
			sourceTree = "<group>";
		};
		CD6C6F502CF8D175003A9CA1 /* Network */ = {
			isa = PBXGroup;
			children = (
				CD6C6F512CF8D182003A9CA1 /* NetworkManager.swift */,
				CD6C6F532CF8D1A5003A9CA1 /* Route.swift */,
				CDCE70792D26FD6400F75DB3 /* NetworkError.swift */,
			);
			path = Network;
			sourceTree = "<group>";
		};
		CD6C6F552CF8D1C7003A9CA1 /* Utils */ = {
			isa = PBXGroup;
			children = (
				CD6C6F562CF8D1CD003A9CA1 /* Extensions */,
			);
			path = Utils;
			sourceTree = "<group>";
		};
		CD6C6F562CF8D1CD003A9CA1 /* Extensions */ = {
			isa = PBXGroup;
			children = (
				CD6C6F572CF8D1DA003A9CA1 /* String-Extensions.swift */,
			);
			path = Extensions;
			sourceTree = "<group>";
		};
		CD6C6F5C2CF8EA86003A9CA1 /* ViewModel */ = {
			isa = PBXGroup;
			children = (
				CD6C6F5D2CF8EA98003A9CA1 /* FeedViewModel.swift */,
			);
			path = ViewModel;
			sourceTree = "<group>";
		};
		CD6C6F5F2CF8ED92003A9CA1 /* Product */ = {
			isa = PBXGroup;
			children = (
				CD5349032D173CEA00C72F7B /* AuthManager */,
				CD34D92E2CF4F7CD008DD1BA /* CustomViews */,
			);
			path = Product;
			sourceTree = "<group>";
		};
		CD8E9AA52D25E2B5003B0F47 /* Main */ = {
			isa = PBXGroup;
			children = (
				CD8E9AA42D25E2B5003B0F47 /* MainTabView.swift */,
			);
			path = Main;
			sourceTree = "<group>";
		};
		CD8E9AA82D25E2C3003B0F47 /* Profile */ = {
			isa = PBXGroup;
			children = (
				CD8E9AA72D25E2C3003B0F47 /* ProfileView.swift */,
			);
			path = Profile;
			sourceTree = "<group>";
		};
		CDBBE42E2CF74DEC00CEC9E5 /* PostCreate */ = {
			isa = PBXGroup;
			children = (
				CDD9D7192D285B08007806DD /* View */,
				CDD9D71B2D285B08007806DD /* ViewModel */,
			);
			path = PostCreate;
			sourceTree = "<group>";
		};
		CDCE705A2D26E61700F75DB3 /* Protocols */ = {
			isa = PBXGroup;
			children = (
				CDCE70572D26E61700F75DB3 /* ICommentService.swift */,
				CDCE70582D26E61700F75DB3 /* ILikeService.swift */,
				CDCE70592D26E61700F75DB3 /* IPostService.swift */,
			);
			path = Protocols;
			sourceTree = "<group>";
		};
		CDCE705E2D26E61700F75DB3 /* Services */ = {
			isa = PBXGroup;
			children = (
				CDCE705A2D26E61700F75DB3 /* Protocols */,
				CDCE705B2D26E61700F75DB3 /* CommentService.swift */,
				CDCE705C2D26E61700F75DB3 /* LikeService.swift */,
				CDD9D7212D285B99007806DD /* FileService.swift */,
				CDCE70692D26E8EA00F75DB3 /* AuthService.swift */,
				CDCE705D2D26E61700F75DB3 /* PostService.swift */,
			);
			path = Services;
			sourceTree = "<group>";
		};
		CDCE706C2D26ED5300F75DB3 /* View */ = {
			isa = PBXGroup;
			children = (
				CDCE706B2D26ED5300F75DB3 /* PostDetailView.swift */,
			);
			path = View;
			sourceTree = "<group>";
		};
		CDCE706E2D26ED5300F75DB3 /* ViewModel */ = {
			isa = PBXGroup;
			children = (
				CDCE706D2D26ED5300F75DB3 /* PostDetailViewModel.swift */,
			);
			path = ViewModel;
			sourceTree = "<group>";
		};
		CDCE70742D26F84900F75DB3 /* ViewModel */ = {
			isa = PBXGroup;
			children = (
				CDCE70732D26F84900F75DB3 /* RegisterViewModel.swift */,
			);
			path = ViewModel;
			sourceTree = "<group>";
		};
		CDCE70762D26F84900F75DB3 /* View */ = {
			isa = PBXGroup;
			children = (
				CDCE70752D26F84900F75DB3 /* RegisterView.swift */,
			);
			path = View;
			sourceTree = "<group>";
		};
		CDD9D7192D285B08007806DD /* View */ = {
			isa = PBXGroup;
			children = (
				CDD9D71D2D285B37007806DD /* PostCreateView.swift */,
			);
			name = View;
			path = QuestApp/Features/Post/Create/View;
			sourceTree = SOURCE_ROOT;
		};
		CDD9D71B2D285B08007806DD /* ViewModel */ = {
			isa = PBXGroup;
			children = (
				CDD9D71A2D285B08007806DD /* PostCreateViewModel.swift */,
			);
			name = ViewModel;
			path = QuestApp/Features/Post/Create/ViewModel;
			sourceTree = SOURCE_ROOT;
		};
		CDD9D7272D286C46007806DD /* View */ = {
			isa = PBXGroup;
			children = (
				CD34D92B2CF4F094008DD1BA /* FeedView.swift */,
			);
			path = View;
			sourceTree = "<group>";
		};
		CDD9D72B2D286D75007806DD /* View */ = {
			isa = PBXGroup;
			children = (
				CDD9D72C2D286D92007806DD /* LoginView.swift */,
			);
			path = View;
			sourceTree = "<group>";
		};
		CDFC23BD2CF63718004418D9 /* PostDetail */ = {
			isa = PBXGroup;
			children = (
				CDCE706C2D26ED5300F75DB3 /* View */,
				CDCE706E2D26ED5300F75DB3 /* ViewModel */,
			);
			path = PostDetail;
			sourceTree = "<group>";
		};
/* End PBXGroup section */

/* Begin PBXNativeTarget section */
		CD34D8F02CF4E403008DD1BA /* QuestApp */ = {
			isa = PBXNativeTarget;
			buildConfigurationList = CD34D9172CF4E404008DD1BA /* Build configuration list for PBXNativeTarget "QuestApp" */;
			buildPhases = (
				CD34D8ED2CF4E403008DD1BA /* Sources */,
				CD34D8EE2CF4E403008DD1BA /* Frameworks */,
				CD34D8EF2CF4E403008DD1BA /* Resources */,
			);
			buildRules = (
			);
			dependencies = (
			);
			name = QuestApp;
			packageProductDependencies = (
				CD6C6F5A2CF8D334003A9CA1 /* Alamofire */,
			);
			productName = QuestApp;
			productReference = CD34D8F12CF4E403008DD1BA /* QuestApp.app */;
			productType = "com.apple.product-type.application";
		};
		CD34D9022CF4E404008DD1BA /* QuestAppTests */ = {
			isa = PBXNativeTarget;
			buildConfigurationList = CD34D91A2CF4E404008DD1BA /* Build configuration list for PBXNativeTarget "QuestAppTests" */;
			buildPhases = (
				CD34D8FF2CF4E404008DD1BA /* Sources */,
				CD34D9002CF4E404008DD1BA /* Frameworks */,
				CD34D9012CF4E404008DD1BA /* Resources */,
			);
			buildRules = (
			);
			dependencies = (
				CD34D9052CF4E404008DD1BA /* PBXTargetDependency */,
			);
			name = QuestAppTests;
			productName = QuestAppTests;
			productReference = CD34D9032CF4E404008DD1BA /* QuestAppTests.xctest */;
			productType = "com.apple.product-type.bundle.unit-test";
		};
		CD34D90C2CF4E404008DD1BA /* QuestAppUITests */ = {
			isa = PBXNativeTarget;
			buildConfigurationList = CD34D91D2CF4E404008DD1BA /* Build configuration list for PBXNativeTarget "QuestAppUITests" */;
			buildPhases = (
				CD34D9092CF4E404008DD1BA /* Sources */,
				CD34D90A2CF4E404008DD1BA /* Frameworks */,
				CD34D90B2CF4E404008DD1BA /* Resources */,
			);
			buildRules = (
			);
			dependencies = (
				CD34D90F2CF4E404008DD1BA /* PBXTargetDependency */,
			);
			name = QuestAppUITests;
			productName = QuestAppUITests;
			productReference = CD34D90D2CF4E404008DD1BA /* QuestAppUITests.xctest */;
			productType = "com.apple.product-type.bundle.ui-testing";
		};
/* End PBXNativeTarget section */

/* Begin PBXProject section */
		CD34D8E92CF4E403008DD1BA /* Project object */ = {
			isa = PBXProject;
			attributes = {
				BuildIndependentTargetsInParallel = 1;
				LastSwiftUpdateCheck = 1540;
				LastUpgradeCheck = 1540;
				TargetAttributes = {
					CD34D8F02CF4E403008DD1BA = {
						CreatedOnToolsVersion = 15.4;
					};
					CD34D9022CF4E404008DD1BA = {
						CreatedOnToolsVersion = 15.4;
						TestTargetID = CD34D8F02CF4E403008DD1BA;
					};
					CD34D90C2CF4E404008DD1BA = {
						CreatedOnToolsVersion = 15.4;
						TestTargetID = CD34D8F02CF4E403008DD1BA;
					};
				};
			};
			buildConfigurationList = CD34D8EC2CF4E403008DD1BA /* Build configuration list for PBXProject "QuestApp" */;
			compatibilityVersion = "Xcode 14.0";
			developmentRegion = en;
			hasScannedForEncodings = 0;
			knownRegions = (
				en,
				Base,
			);
			mainGroup = CD34D8E82CF4E403008DD1BA;
			packageReferences = (
				CD34D9242CF4EBD5008DD1BA /* XCRemoteSwiftPackageReference "lottie-ios" */,
				CD6C6F592CF8D1ED003A9CA1 /* XCRemoteSwiftPackageReference "Alamofire" */,
			);
			productRefGroup = CD34D8F22CF4E403008DD1BA /* Products */;
			projectDirPath = "";
			projectRoot = "";
			targets = (
				CD34D8F02CF4E403008DD1BA /* QuestApp */,
				CD34D9022CF4E404008DD1BA /* QuestAppTests */,
				CD34D90C2CF4E404008DD1BA /* QuestAppUITests */,
			);
		};
/* End PBXProject section */

/* Begin PBXResourcesBuildPhase section */
		CD34D8EF2CF4E403008DD1BA /* Resources */ = {
			isa = PBXResourcesBuildPhase;
			buildActionMask = 2147483647;
			files = (
				CD34D8FE2CF4E404008DD1BA /* Preview Assets.xcassets in Resources */,
				CD34D8FB2CF4E404008DD1BA /* Assets.xcassets in Resources */,
			);
			runOnlyForDeploymentPostprocessing = 0;
		};
		CD34D9012CF4E404008DD1BA /* Resources */ = {
			isa = PBXResourcesBuildPhase;
			buildActionMask = 2147483647;
			files = (
			);
			runOnlyForDeploymentPostprocessing = 0;
		};
		CD34D90B2CF4E404008DD1BA /* Resources */ = {
			isa = PBXResourcesBuildPhase;
			buildActionMask = 2147483647;
			files = (
			);
			runOnlyForDeploymentPostprocessing = 0;
		};
/* End PBXResourcesBuildPhase section */

/* Begin PBXSourcesBuildPhase section */
		CD34D8ED2CF4E403008DD1BA /* Sources */ = {
			isa = PBXSourcesBuildPhase;
			buildActionMask = 2147483647;
			files = (
				CDCE70602D26E61700F75DB3 /* ILikeService.swift in Sources */,
				CD6C6F5E2CF8EA98003A9CA1 /* FeedViewModel.swift in Sources */,
				CD6C6F522CF8D182003A9CA1 /* NetworkManager.swift in Sources */,
				CDCE706A2D26E8EA00F75DB3 /* AuthService.swift in Sources */,
				CD5349052D173CFD00C72F7B /* AuthManager.swift in Sources */,
				CDCE70702D26ED5300F75DB3 /* PostDetailViewModel.swift in Sources */,
				CD5DE62B2CFB901A000050A0 /* AppConstants.swift in Sources */,
				CDD9D7202D285B5B007806DD /* ImagePicker.swift in Sources */,
				CDCE70772D26F84900F75DB3 /* RegisterViewModel.swift in Sources */,
				CD6C6F582CF8D1DA003A9CA1 /* String-Extensions.swift in Sources */,
				CD5349082D17414B00C72F7B /* SplashView.swift in Sources */,
				CDD9D7222D285B99007806DD /* FileService.swift in Sources */,
				CD34D9332CF4F8DE008DD1BA /* PostModel.swift in Sources */,
				CD6C6F542CF8D1A5003A9CA1 /* Route.swift in Sources */,
				CDCE706F2D26ED5300F75DB3 /* PostDetailView.swift in Sources */,
				CDCE70782D26F84900F75DB3 /* RegisterView.swift in Sources */,
				CD8E9AA92D25E2C3003B0F47 /* ProfileView.swift in Sources */,
				CDCE70682D26E78400F75DB3 /* LikeModel.swift in Sources */,
				CDCE707A2D26FD6400F75DB3 /* NetworkError.swift in Sources */,
				CDCE70612D26E61700F75DB3 /* IPostService.swift in Sources */,
				CDD9D71C2D285B08007806DD /* PostCreateViewModel.swift in Sources */,
				CD8E9AA62D25E2B5003B0F47 /* MainTabView.swift in Sources */,
				CD5349012D17336F00C72F7B /* LocaleStorage.swift in Sources */,
				CDCE70622D26E61700F75DB3 /* CommentService.swift in Sources */,
				CD34D8F92CF4E403008DD1BA /* Item.swift in Sources */,
				CD6BB7082CFB54540072FB7D /* UpdatePostModel.swift in Sources */,
				CD6C6F642CF8EE41003A9CA1 /* CreatePostModel.swift in Sources */,
				CDCE705F2D26E61700F75DB3 /* ICommentService.swift in Sources */,
				CDD9D7242D285D47007806DD /* EmptyResponse.swift in Sources */,
				CDD9D71E2D285B37007806DD /* PostCreateView.swift in Sources */,
				CDCE70662D26E63F00F75DB3 /* CommentModel.swift in Sources */,
				CD15F5202D08AF2E006C4DD8 /* NavigationViewBuilder.swift in Sources */,
				CDCE70632D26E61700F75DB3 /* LikeService.swift in Sources */,
				CD14534C2CFDF4B10002D020 /* Router.swift in Sources */,
				CDCE70642D26E61700F75DB3 /* PostService.swift in Sources */,
				CD42B5FB2D0B4C5500EE107B /* LoginViewModel.swift in Sources */,
				CD34D92C2CF4F094008DD1BA /* FeedView.swift in Sources */,
				CD34D8F52CF4E403008DD1BA /* QuestAppApp.swift in Sources */,
				CDD9D72D2D286D92007806DD /* LoginView.swift in Sources */,
				CD34D9302CF4F818008DD1BA /* PostCard.swift in Sources */,
			);
			runOnlyForDeploymentPostprocessing = 0;
		};
		CD34D8FF2CF4E404008DD1BA /* Sources */ = {
			isa = PBXSourcesBuildPhase;
			buildActionMask = 2147483647;
			files = (
				CD34D9082CF4E404008DD1BA /* QuestAppTests.swift in Sources */,
			);
			runOnlyForDeploymentPostprocessing = 0;
		};
		CD34D9092CF4E404008DD1BA /* Sources */ = {
			isa = PBXSourcesBuildPhase;
			buildActionMask = 2147483647;
			files = (
				CD34D9142CF4E404008DD1BA /* QuestAppUITestsLaunchTests.swift in Sources */,
				CD34D9122CF4E404008DD1BA /* QuestAppUITests.swift in Sources */,
			);
			runOnlyForDeploymentPostprocessing = 0;
		};
/* End PBXSourcesBuildPhase section */

/* Begin PBXTargetDependency section */
		CD34D9052CF4E404008DD1BA /* PBXTargetDependency */ = {
			isa = PBXTargetDependency;
			target = CD34D8F02CF4E403008DD1BA /* QuestApp */;
			targetProxy = CD34D9042CF4E404008DD1BA /* PBXContainerItemProxy */;
		};
		CD34D90F2CF4E404008DD1BA /* PBXTargetDependency */ = {
			isa = PBXTargetDependency;
			target = CD34D8F02CF4E403008DD1BA /* QuestApp */;
			targetProxy = CD34D90E2CF4E404008DD1BA /* PBXContainerItemProxy */;
		};
/* End PBXTargetDependency section */

/* Begin XCBuildConfiguration section */
		CD34D9152CF4E404008DD1BA /* Debug */ = {
			isa = XCBuildConfiguration;
			buildSettings = {
				ALWAYS_SEARCH_USER_PATHS = NO;
				ASSETCATALOG_COMPILER_GENERATE_SWIFT_ASSET_SYMBOL_EXTENSIONS = YES;
				CLANG_ANALYZER_NONNULL = YES;
				CLANG_ANALYZER_NUMBER_OBJECT_CONVERSION = YES_AGGRESSIVE;
				CLANG_CXX_LANGUAGE_STANDARD = "gnu++20";
				CLANG_ENABLE_MODULES = YES;
				CLANG_ENABLE_OBJC_ARC = YES;
				CLANG_ENABLE_OBJC_WEAK = YES;
				CLANG_WARN_BLOCK_CAPTURE_AUTORELEASING = YES;
				CLANG_WARN_BOOL_CONVERSION = YES;
				CLANG_WARN_COMMA = YES;
				CLANG_WARN_CONSTANT_CONVERSION = YES;
				CLANG_WARN_DEPRECATED_OBJC_IMPLEMENTATIONS = YES;
				CLANG_WARN_DIRECT_OBJC_ISA_USAGE = YES_ERROR;
				CLANG_WARN_DOCUMENTATION_COMMENTS = YES;
				CLANG_WARN_EMPTY_BODY = YES;
				CLANG_WARN_ENUM_CONVERSION = YES;
				CLANG_WARN_INFINITE_RECURSION = YES;
				CLANG_WARN_INT_CONVERSION = YES;
				CLANG_WARN_NON_LITERAL_NULL_CONVERSION = YES;
				CLANG_WARN_OBJC_IMPLICIT_RETAIN_SELF = YES;
				CLANG_WARN_OBJC_LITERAL_CONVERSION = YES;
				CLANG_WARN_OBJC_ROOT_CLASS = YES_ERROR;
				CLANG_WARN_QUOTED_INCLUDE_IN_FRAMEWORK_HEADER = YES;
				CLANG_WARN_RANGE_LOOP_ANALYSIS = YES;
				CLANG_WARN_STRICT_PROTOTYPES = YES;
				CLANG_WARN_SUSPICIOUS_MOVE = YES;
				CLANG_WARN_UNGUARDED_AVAILABILITY = YES_AGGRESSIVE;
				CLANG_WARN_UNREACHABLE_CODE = YES;
				CLANG_WARN__DUPLICATE_METHOD_MATCH = YES;
				COPY_PHASE_STRIP = NO;
				DEBUG_INFORMATION_FORMAT = dwarf;
				ENABLE_STRICT_OBJC_MSGSEND = YES;
				ENABLE_TESTABILITY = YES;
				ENABLE_USER_SCRIPT_SANDBOXING = YES;
				GCC_C_LANGUAGE_STANDARD = gnu17;
				GCC_DYNAMIC_NO_PIC = NO;
				GCC_NO_COMMON_BLOCKS = YES;
				GCC_OPTIMIZATION_LEVEL = 0;
				GCC_PREPROCESSOR_DEFINITIONS = (
					"DEBUG=1",
					"$(inherited)",
				);
				GCC_WARN_64_TO_32_BIT_CONVERSION = YES;
				GCC_WARN_ABOUT_RETURN_TYPE = YES_ERROR;
				GCC_WARN_UNDECLARED_SELECTOR = YES;
				GCC_WARN_UNINITIALIZED_AUTOS = YES_AGGRESSIVE;
				GCC_WARN_UNUSED_FUNCTION = YES;
				GCC_WARN_UNUSED_VARIABLE = YES;
				IPHONEOS_DEPLOYMENT_TARGET = 17.5;
				LOCALIZATION_PREFERS_STRING_CATALOGS = YES;
				MTL_ENABLE_DEBUG_INFO = INCLUDE_SOURCE;
				MTL_FAST_MATH = YES;
				ONLY_ACTIVE_ARCH = YES;
				SDKROOT = iphoneos;
				SWIFT_ACTIVE_COMPILATION_CONDITIONS = "DEBUG $(inherited)";
				SWIFT_OPTIMIZATION_LEVEL = "-Onone";
			};
			name = Debug;
		};
		CD34D9162CF4E404008DD1BA /* Release */ = {
			isa = XCBuildConfiguration;
			buildSettings = {
				ALWAYS_SEARCH_USER_PATHS = NO;
				ASSETCATALOG_COMPILER_GENERATE_SWIFT_ASSET_SYMBOL_EXTENSIONS = YES;
				CLANG_ANALYZER_NONNULL = YES;
				CLANG_ANALYZER_NUMBER_OBJECT_CONVERSION = YES_AGGRESSIVE;
				CLANG_CXX_LANGUAGE_STANDARD = "gnu++20";
				CLANG_ENABLE_MODULES = YES;
				CLANG_ENABLE_OBJC_ARC = YES;
				CLANG_ENABLE_OBJC_WEAK = YES;
				CLANG_WARN_BLOCK_CAPTURE_AUTORELEASING = YES;
				CLANG_WARN_BOOL_CONVERSION = YES;
				CLANG_WARN_COMMA = YES;
				CLANG_WARN_CONSTANT_CONVERSION = YES;
				CLANG_WARN_DEPRECATED_OBJC_IMPLEMENTATIONS = YES;
				CLANG_WARN_DIRECT_OBJC_ISA_USAGE = YES_ERROR;
				CLANG_WARN_DOCUMENTATION_COMMENTS = YES;
				CLANG_WARN_EMPTY_BODY = YES;
				CLANG_WARN_ENUM_CONVERSION = YES;
				CLANG_WARN_INFINITE_RECURSION = YES;
				CLANG_WARN_INT_CONVERSION = YES;
				CLANG_WARN_NON_LITERAL_NULL_CONVERSION = YES;
				CLANG_WARN_OBJC_IMPLICIT_RETAIN_SELF = YES;
				CLANG_WARN_OBJC_LITERAL_CONVERSION = YES;
				CLANG_WARN_OBJC_ROOT_CLASS = YES_ERROR;
				CLANG_WARN_QUOTED_INCLUDE_IN_FRAMEWORK_HEADER = YES;
				CLANG_WARN_RANGE_LOOP_ANALYSIS = YES;
				CLANG_WARN_STRICT_PROTOTYPES = YES;
				CLANG_WARN_SUSPICIOUS_MOVE = YES;
				CLANG_WARN_UNGUARDED_AVAILABILITY = YES_AGGRESSIVE;
				CLANG_WARN_UNREACHABLE_CODE = YES;
				CLANG_WARN__DUPLICATE_METHOD_MATCH = YES;
				COPY_PHASE_STRIP = NO;
				DEBUG_INFORMATION_FORMAT = "dwarf-with-dsym";
				ENABLE_NS_ASSERTIONS = NO;
				ENABLE_STRICT_OBJC_MSGSEND = YES;
				ENABLE_USER_SCRIPT_SANDBOXING = YES;
				GCC_C_LANGUAGE_STANDARD = gnu17;
				GCC_NO_COMMON_BLOCKS = YES;
				GCC_WARN_64_TO_32_BIT_CONVERSION = YES;
				GCC_WARN_ABOUT_RETURN_TYPE = YES_ERROR;
				GCC_WARN_UNDECLARED_SELECTOR = YES;
				GCC_WARN_UNINITIALIZED_AUTOS = YES_AGGRESSIVE;
				GCC_WARN_UNUSED_FUNCTION = YES;
				GCC_WARN_UNUSED_VARIABLE = YES;
				IPHONEOS_DEPLOYMENT_TARGET = 17.5;
				LOCALIZATION_PREFERS_STRING_CATALOGS = YES;
				MTL_ENABLE_DEBUG_INFO = NO;
				MTL_FAST_MATH = YES;
				SDKROOT = iphoneos;
				SWIFT_COMPILATION_MODE = wholemodule;
				VALIDATE_PRODUCT = YES;
			};
			name = Release;
		};
		CD34D9182CF4E404008DD1BA /* Debug */ = {
			isa = XCBuildConfiguration;
			buildSettings = {
				ASSETCATALOG_COMPILER_APPICON_NAME = AppIcon;
				ASSETCATALOG_COMPILER_GLOBAL_ACCENT_COLOR_NAME = AccentColor;
				CODE_SIGN_STYLE = Automatic;
				CURRENT_PROJECT_VERSION = 1;
				DEVELOPMENT_ASSET_PATHS = "\"QuestApp/Preview Content\"";
				DEVELOPMENT_TEAM = JZ74XGGJ4P;
				ENABLE_PREVIEWS = YES;
				GENERATE_INFOPLIST_FILE = YES;
				INFOPLIST_KEY_UIApplicationSceneManifest_Generation = YES;
				INFOPLIST_KEY_UIApplicationSupportsIndirectInputEvents = YES;
				INFOPLIST_KEY_UILaunchScreen_Generation = YES;
				INFOPLIST_KEY_UISupportedInterfaceOrientations_iPad = "UIInterfaceOrientationPortrait UIInterfaceOrientationPortraitUpsideDown UIInterfaceOrientationLandscapeLeft UIInterfaceOrientationLandscapeRight";
				INFOPLIST_KEY_UISupportedInterfaceOrientations_iPhone = "UIInterfaceOrientationPortrait UIInterfaceOrientationLandscapeLeft UIInterfaceOrientationLandscapeRight";
				LD_RUNPATH_SEARCH_PATHS = (
					"$(inherited)",
					"@executable_path/Frameworks",
				);
				MARKETING_VERSION = 1.0;
				PRODUCT_BUNDLE_IDENTIFIER = com.osmncn.QuestApp;
				PRODUCT_NAME = "$(TARGET_NAME)";
				SWIFT_EMIT_LOC_STRINGS = YES;
				SWIFT_VERSION = 5.0;
				TARGETED_DEVICE_FAMILY = "1,2";
			};
			name = Debug;
		};
		CD34D9192CF4E404008DD1BA /* Release */ = {
			isa = XCBuildConfiguration;
			buildSettings = {
				ASSETCATALOG_COMPILER_APPICON_NAME = AppIcon;
				ASSETCATALOG_COMPILER_GLOBAL_ACCENT_COLOR_NAME = AccentColor;
				CODE_SIGN_STYLE = Automatic;
				CURRENT_PROJECT_VERSION = 1;
				DEVELOPMENT_ASSET_PATHS = "\"QuestApp/Preview Content\"";
				DEVELOPMENT_TEAM = JZ74XGGJ4P;
				ENABLE_PREVIEWS = YES;
				GENERATE_INFOPLIST_FILE = YES;
				INFOPLIST_KEY_UIApplicationSceneManifest_Generation = YES;
				INFOPLIST_KEY_UIApplicationSupportsIndirectInputEvents = YES;
				INFOPLIST_KEY_UILaunchScreen_Generation = YES;
				INFOPLIST_KEY_UISupportedInterfaceOrientations_iPad = "UIInterfaceOrientationPortrait UIInterfaceOrientationPortraitUpsideDown UIInterfaceOrientationLandscapeLeft UIInterfaceOrientationLandscapeRight";
				INFOPLIST_KEY_UISupportedInterfaceOrientations_iPhone = "UIInterfaceOrientationPortrait UIInterfaceOrientationLandscapeLeft UIInterfaceOrientationLandscapeRight";
				LD_RUNPATH_SEARCH_PATHS = (
					"$(inherited)",
					"@executable_path/Frameworks",
				);
				MARKETING_VERSION = 1.0;
				PRODUCT_BUNDLE_IDENTIFIER = com.osmncn.QuestApp;
				PRODUCT_NAME = "$(TARGET_NAME)";
				SWIFT_EMIT_LOC_STRINGS = YES;
				SWIFT_VERSION = 5.0;
				TARGETED_DEVICE_FAMILY = "1,2";
			};
			name = Release;
		};
		CD34D91B2CF4E404008DD1BA /* Debug */ = {
			isa = XCBuildConfiguration;
			buildSettings = {
				ALWAYS_EMBED_SWIFT_STANDARD_LIBRARIES = YES;
				BUNDLE_LOADER = "$(TEST_HOST)";
				CODE_SIGN_STYLE = Automatic;
				CURRENT_PROJECT_VERSION = 1;
				DEVELOPMENT_TEAM = JZ74XGGJ4P;
				GENERATE_INFOPLIST_FILE = YES;
				IPHONEOS_DEPLOYMENT_TARGET = 17.5;
				MARKETING_VERSION = 1.0;
				PRODUCT_BUNDLE_IDENTIFIER = com.osmncn.QuestAppTests;
				PRODUCT_NAME = "$(TARGET_NAME)";
				SWIFT_EMIT_LOC_STRINGS = NO;
				SWIFT_VERSION = 5.0;
				TARGETED_DEVICE_FAMILY = "1,2";
				TEST_HOST = "$(BUILT_PRODUCTS_DIR)/QuestApp.app/$(BUNDLE_EXECUTABLE_FOLDER_PATH)/QuestApp";
			};
			name = Debug;
		};
		CD34D91C2CF4E404008DD1BA /* Release */ = {
			isa = XCBuildConfiguration;
			buildSettings = {
				ALWAYS_EMBED_SWIFT_STANDARD_LIBRARIES = YES;
				BUNDLE_LOADER = "$(TEST_HOST)";
				CODE_SIGN_STYLE = Automatic;
				CURRENT_PROJECT_VERSION = 1;
				DEVELOPMENT_TEAM = JZ74XGGJ4P;
				GENERATE_INFOPLIST_FILE = YES;
				IPHONEOS_DEPLOYMENT_TARGET = 17.5;
				MARKETING_VERSION = 1.0;
				PRODUCT_BUNDLE_IDENTIFIER = com.osmncn.QuestAppTests;
				PRODUCT_NAME = "$(TARGET_NAME)";
				SWIFT_EMIT_LOC_STRINGS = NO;
				SWIFT_VERSION = 5.0;
				TARGETED_DEVICE_FAMILY = "1,2";
				TEST_HOST = "$(BUILT_PRODUCTS_DIR)/QuestApp.app/$(BUNDLE_EXECUTABLE_FOLDER_PATH)/QuestApp";
			};
			name = Release;
		};
		CD34D91E2CF4E404008DD1BA /* Debug */ = {
			isa = XCBuildConfiguration;
			buildSettings = {
				ALWAYS_EMBED_SWIFT_STANDARD_LIBRARIES = YES;
				CODE_SIGN_STYLE = Automatic;
				CURRENT_PROJECT_VERSION = 1;
				DEVELOPMENT_TEAM = JZ74XGGJ4P;
				GENERATE_INFOPLIST_FILE = YES;
				MARKETING_VERSION = 1.0;
				PRODUCT_BUNDLE_IDENTIFIER = com.osmncn.QuestAppUITests;
				PRODUCT_NAME = "$(TARGET_NAME)";
				SWIFT_EMIT_LOC_STRINGS = NO;
				SWIFT_VERSION = 5.0;
				TARGETED_DEVICE_FAMILY = "1,2";
				TEST_TARGET_NAME = QuestApp;
			};
			name = Debug;
		};
		CD34D91F2CF4E404008DD1BA /* Release */ = {
			isa = XCBuildConfiguration;
			buildSettings = {
				ALWAYS_EMBED_SWIFT_STANDARD_LIBRARIES = YES;
				CODE_SIGN_STYLE = Automatic;
				CURRENT_PROJECT_VERSION = 1;
				DEVELOPMENT_TEAM = JZ74XGGJ4P;
				GENERATE_INFOPLIST_FILE = YES;
				MARKETING_VERSION = 1.0;
				PRODUCT_BUNDLE_IDENTIFIER = com.osmncn.QuestAppUITests;
				PRODUCT_NAME = "$(TARGET_NAME)";
				SWIFT_EMIT_LOC_STRINGS = NO;
				SWIFT_VERSION = 5.0;
				TARGETED_DEVICE_FAMILY = "1,2";
				TEST_TARGET_NAME = QuestApp;
			};
			name = Release;
		};
/* End XCBuildConfiguration section */

/* Begin XCConfigurationList section */
		CD34D8EC2CF4E403008DD1BA /* Build configuration list for PBXProject "QuestApp" */ = {
			isa = XCConfigurationList;
			buildConfigurations = (
				CD34D9152CF4E404008DD1BA /* Debug */,
				CD34D9162CF4E404008DD1BA /* Release */,
			);
			defaultConfigurationIsVisible = 0;
			defaultConfigurationName = Release;
		};
		CD34D9172CF4E404008DD1BA /* Build configuration list for PBXNativeTarget "QuestApp" */ = {
			isa = XCConfigurationList;
			buildConfigurations = (
				CD34D9182CF4E404008DD1BA /* Debug */,
				CD34D9192CF4E404008DD1BA /* Release */,
			);
			defaultConfigurationIsVisible = 0;
			defaultConfigurationName = Release;
		};
		CD34D91A2CF4E404008DD1BA /* Build configuration list for PBXNativeTarget "QuestAppTests" */ = {
			isa = XCConfigurationList;
			buildConfigurations = (
				CD34D91B2CF4E404008DD1BA /* Debug */,
				CD34D91C2CF4E404008DD1BA /* Release */,
			);
			defaultConfigurationIsVisible = 0;
			defaultConfigurationName = Release;
		};
		CD34D91D2CF4E404008DD1BA /* Build configuration list for PBXNativeTarget "QuestAppUITests" */ = {
			isa = XCConfigurationList;
			buildConfigurations = (
				CD34D91E2CF4E404008DD1BA /* Debug */,
				CD34D91F2CF4E404008DD1BA /* Release */,
			);
			defaultConfigurationIsVisible = 0;
			defaultConfigurationName = Release;
		};
/* End XCConfigurationList section */

/* Begin XCRemoteSwiftPackageReference section */
		CD34D9242CF4EBD5008DD1BA /* XCRemoteSwiftPackageReference "lottie-ios" */ = {
			isa = XCRemoteSwiftPackageReference;
			repositoryURL = "https://github.com/airbnb/lottie-ios.git";
			requirement = {
				kind = upToNextMajorVersion;
				minimumVersion = 4.5.0;
			};
		};
		CD6C6F592CF8D1ED003A9CA1 /* XCRemoteSwiftPackageReference "Alamofire" */ = {
			isa = XCRemoteSwiftPackageReference;
			repositoryURL = "https://github.com/Alamofire/Alamofire.git";
			requirement = {
				kind = upToNextMajorVersion;
				minimumVersion = 5.10.2;
			};
		};
/* End XCRemoteSwiftPackageReference section */

/* Begin XCSwiftPackageProductDependency section */
		CD6C6F5A2CF8D334003A9CA1 /* Alamofire */ = {
			isa = XCSwiftPackageProductDependency;
			package = CD6C6F592CF8D1ED003A9CA1 /* XCRemoteSwiftPackageReference "Alamofire" */;
			productName = Alamofire;
		};
/* End XCSwiftPackageProductDependency section */
	};
	rootObject = CD34D8E92CF4E403008DD1BA /* Project object */;
}
